
Microsoft Visual Studio Solution File, Format Version 12.00
# Visual Studio Version 16
VisualStudioVersion = 16.0.30330.147
MinimumVisualStudioVersion = 10.0.40219.1
Project("{FAE04EC0-301F-11D3-BF4B-00C04F79EFBC}") = "CSH1_Tag_02_Aufgabe_03", "CSH1_Tag_02_Aufgabe_03\CSH1_Tag_02_Aufgabe_03.csproj", "{69FF0D70-FEF4-4D6A-9B26-0C22C2E72253}"
EndProject
Global
	GlobalSection(SolutionConfigurationPlatforms) = preSolution
		Debug|Any CPU = Debug|Any CPU
		Release|Any CPU = Release|Any CPU
	EndGlobalSection
	GlobalSection(ProjectConfigurationPlatforms) = postSolution
		{69FF0D70-FEF4-4D6A-9B26-0C22C2E72253}.Debug|Any CPU.ActiveCfg = Debug|Any CPU
		{69FF0D70-FEF4-4D6A-9B26-0C22C2E72253}.Debug|Any CPU.Build.0 = Debug|Any CPU
		{69FF0D70-FEF4-4D6A-9B26-0C22C2E72253}.Release|Any CPU.ActiveCfg = Release|Any CPU
		{69FF0D70-FEF4-4D6A-9B26-0C22C2E72253}.Release|Any CPU.Build.0 = Release|Any CPU
	EndGlobalSection
	GlobalSection(SolutionProperties) = preSolution
		HideSolutionNode = FALSE
	EndGlobalSection
	GlobalSection(ExtensibilityGlobals) = postSolution
		SolutionGuid = {70EB2FB3-FBEF-4B84-88B4-EF78F43FBF06}
	EndGlobalSection
EndGlobal
